
Microsoft Visual Studio Solution File, Format Version 11.00
# Visual Studio 2010
Project("{8BC9CEB8-8B4A-11D0-8D11-00A0C91BC942}") = "CLPlayground", "CLPlayground\CLPlayground.vcxproj", "{AD97D7EF-9D98-4F51-9F5D-0A7944D13232}"
	ProjectSection(ProjectDependencies) = postProject
		{3FBACD15-97A0-4B85-A297-FA24E0DD09E9} = {3FBACD15-97A0-4B85-A297-FA24E0DD09E9}
	EndProjectSection
EndProject
Project("{8BC9CEB8-8B4A-11D0-8D11-00A0C91BC942}") = "Parallel", "Components\Tocs\Parallel\Parallel.vcxproj", "{3FBACD15-97A0-4B85-A297-FA24E0DD09E9}"
	ProjectSection(ProjectDependencies) = postProject
		{28101919-ED03-4E7F-BE7F-0ADCBDC1C278} = {28101919-ED03-4E7F-BE7F-0ADCBDC1C278}
		{0BA7259C-3787-42F0-836A-8EBD429E035C} = {0BA7259C-3787-42F0-836A-8EBD429E035C}
	EndProjectSection
EndProject
Project("{8BC9CEB8-8B4A-11D0-8D11-00A0C91BC942}") = "Drawing", "Components\Tocs\Drawing\Drawing.vcxproj", "{28101919-ED03-4E7F-BE7F-0ADCBDC1C278}"
EndProject
Project("{8BC9CEB8-8B4A-11D0-8D11-00A0C91BC942}") = "Core", "Components\Tocs\Core\Core.vcxproj", "{050C2B14-A9E8-451D-BB9A-EDA222E2D7E9}"
EndProject
Project("{8BC9CEB8-8B4A-11D0-8D11-00A0C91BC942}") = "Math", "Components\Tocs\Math\Math.vcxproj", "{87204A9F-2D55-4B62-9FA8-9F168013230B}"
	ProjectSection(ProjectDependencies) = postProject
		{050C2B14-A9E8-451D-BB9A-EDA222E2D7E9} = {050C2B14-A9E8-451D-BB9A-EDA222E2D7E9}
	EndProjectSection
EndProject
Project("{8BC9CEB8-8B4A-11D0-8D11-00A0C91BC942}") = "Graphics", "Components\Tocs\Graphics\Graphics.vcxproj", "{0BA7259C-3787-42F0-836A-8EBD429E035C}"
	ProjectSection(ProjectDependencies) = postProject
		{D589DB0B-309B-4E4D-83C8-2FCE3C98CBCB} = {D589DB0B-309B-4E4D-83C8-2FCE3C98CBCB}
		{050C2B14-A9E8-451D-BB9A-EDA222E2D7E9} = {050C2B14-A9E8-451D-BB9A-EDA222E2D7E9}
		{87204A9F-2D55-4B62-9FA8-9F168013230B} = {87204A9F-2D55-4B62-9FA8-9F168013230B}
	EndProjectSection
EndProject
Project("{8BC9CEB8-8B4A-11D0-8D11-00A0C91BC942}") = "LiquidVolumeRender", "LiquidVolumeRender\LiquidVolumeRender.vcxproj", "{2204BB39-F794-4634-8358-2F02CB93D53E}"
	ProjectSection(ProjectDependencies) = postProject
		{050C2B14-A9E8-451D-BB9A-EDA222E2D7E9} = {050C2B14-A9E8-451D-BB9A-EDA222E2D7E9}
		{3FBACD15-97A0-4B85-A297-FA24E0DD09E9} = {3FBACD15-97A0-4B85-A297-FA24E0DD09E9}
		{28101919-ED03-4E7F-BE7F-0ADCBDC1C278} = {28101919-ED03-4E7F-BE7F-0ADCBDC1C278}
		{0BA7259C-3787-42F0-836A-8EBD429E035C} = {0BA7259C-3787-42F0-836A-8EBD429E035C}
		{87204A9F-2D55-4B62-9FA8-9F168013230B} = {87204A9F-2D55-4B62-9FA8-9F168013230B}
	EndProjectSection
EndProject
Project("{8BC9CEB8-8B4A-11D0-8D11-00A0C91BC942}") = "Input", "Components\Tocs\Input\Input.vcxproj", "{D589DB0B-309B-4E4D-83C8-2FCE3C98CBCB}"
EndProject
Global
	GlobalSection(SolutionConfigurationPlatforms) = preSolution
		Debug|Win32 = Debug|Win32
		Release|Win32 = Release|Win32
	EndGlobalSection
	GlobalSection(ProjectConfigurationPlatforms) = postSolution
		{AD97D7EF-9D98-4F51-9F5D-0A7944D13232}.Debug|Win32.ActiveCfg = Debug|Win32
		{AD97D7EF-9D98-4F51-9F5D-0A7944D13232}.Debug|Win32.Build.0 = Debug|Win32
		{AD97D7EF-9D98-4F51-9F5D-0A7944D13232}.Release|Win32.ActiveCfg = Release|Win32
		{AD97D7EF-9D98-4F51-9F5D-0A7944D13232}.Release|Win32.Build.0 = Release|Win32
		{3FBACD15-97A0-4B85-A297-FA24E0DD09E9}.Debug|Win32.ActiveCfg = Debug|Win32
		{3FBACD15-97A0-4B85-A297-FA24E0DD09E9}.Debug|Win32.Build.0 = Debug|Win32
		{3FBACD15-97A0-4B85-A297-FA24E0DD09E9}.Release|Win32.ActiveCfg = Release|Win32
		{3FBACD15-97A0-4B85-A297-FA24E0DD09E9}.Release|Win32.Build.0 = Release|Win32
		{28101919-ED03-4E7F-BE7F-0ADCBDC1C278}.Debug|Win32.ActiveCfg = Debug|Win32
		{28101919-ED03-4E7F-BE7F-0ADCBDC1C278}.Debug|Win32.Build.0 = Debug|Win32
		{28101919-ED03-4E7F-BE7F-0ADCBDC1C278}.Release|Win32.ActiveCfg = Release|Win32
		{28101919-ED03-4E7F-BE7F-0ADCBDC1C278}.Release|Win32.Build.0 = Release|Win32
		{050C2B14-A9E8-451D-BB9A-EDA222E2D7E9}.Debug|Win32.ActiveCfg = Debug|Win32
		{050C2B14-A9E8-451D-BB9A-EDA222E2D7E9}.Debug|Win32.Build.0 = Debug|Win32
		{050C2B14-A9E8-451D-BB9A-EDA222E2D7E9}.Release|Win32.ActiveCfg = Release|Win32
		{050C2B14-A9E8-451D-BB9A-EDA222E2D7E9}.Release|Win32.Build.0 = Release|Win32
		{87204A9F-2D55-4B62-9FA8-9F168013230B}.Debug|Win32.ActiveCfg = Debug|Win32
		{87204A9F-2D55-4B62-9FA8-9F168013230B}.Debug|Win32.Build.0 = Debug|Win32
		{87204A9F-2D55-4B62-9FA8-9F168013230B}.Release|Win32.ActiveCfg = Release|Win32
		{87204A9F-2D55-4B62-9FA8-9F168013230B}.Release|Win32.Build.0 = Release|Win32
		{0BA7259C-3787-42F0-836A-8EBD429E035C}.Debug|Win32.ActiveCfg = Debug|Win32
		{0BA7259C-3787-42F0-836A-8EBD429E035C}.Debug|Win32.Build.0 = Debug|Win32
		{0BA7259C-3787-42F0-836A-8EBD429E035C}.Release|Win32.ActiveCfg = Release|Win32
		{0BA7259C-3787-42F0-836A-8EBD429E035C}.Release|Win32.Build.0 = Release|Win32
		{2204BB39-F794-4634-8358-2F02CB93D53E}.Debug|Win32.ActiveCfg = Debug|Win32
		{2204BB39-F794-4634-8358-2F02CB93D53E}.Debug|Win32.Build.0 = Debug|Win32
		{2204BB39-F794-4634-8358-2F02CB93D53E}.Release|Win32.ActiveCfg = Release|Win32
		{2204BB39-F794-4634-8358-2F02CB93D53E}.Release|Win32.Build.0 = Release|Win32
		{D589DB0B-309B-4E4D-83C8-2FCE3C98CBCB}.Debug|Win32.ActiveCfg = Debug|Win32
		{D589DB0B-309B-4E4D-83C8-2FCE3C98CBCB}.Debug|Win32.Build.0 = Debug|Win32
		{D589DB0B-309B-4E4D-83C8-2FCE3C98CBCB}.Release|Win32.ActiveCfg = Release|Win32
		{D589DB0B-309B-4E4D-83C8-2FCE3C98CBCB}.Release|Win32.Build.0 = Release|Win32
	EndGlobalSection
	GlobalSection(SolutionProperties) = preSolution
		HideSolutionNode = FALSE
	EndGlobalSection
EndGlobal
